
Microsoft Visual Studio Solution File, Format Version 12.00
# Visual Studio Version 17
VisualStudioVersion = 17.12.35707.178 d17.12
MinimumVisualStudioVersion = 10.0.40219.1
Project("{FAE04EC0-301F-11D3-BF4B-00C04F79EFBC}") = "BankingTransactions", "BankingTransactions.csproj", "{C240D03C-131B-4135-BDC4-F6DE7648685B}"
EndProject
Project("{FAE04EC0-301F-11D3-BF4B-00C04F79EFBC}") = "BankingTransationsTest", "..\BankingTransationsTest\BankingTransationsTest.csproj", "{19F426C4-D299-4C94-B8AE-9F86A7C173CC}"
EndProject
Global
	GlobalSection(SolutionConfigurationPlatforms) = preSolution
		Debug|Any CPU = Debug|Any CPU
		Release|Any CPU = Release|Any CPU
	EndGlobalSection
	GlobalSection(ProjectConfigurationPlatforms) = postSolution
		{C240D03C-131B-4135-BDC4-F6DE7648685B}.Debug|Any CPU.ActiveCfg = Debug|Any CPU
		{C240D03C-131B-4135-BDC4-F6DE7648685B}.Debug|Any CPU.Build.0 = Debug|Any CPU
		{C240D03C-131B-4135-BDC4-F6DE7648685B}.Release|Any CPU.ActiveCfg = Release|Any CPU
		{C240D03C-131B-4135-BDC4-F6DE7648685B}.Release|Any CPU.Build.0 = Release|Any CPU
		{19F426C4-D299-4C94-B8AE-9F86A7C173CC}.Debug|Any CPU.ActiveCfg = Debug|Any CPU
		{19F426C4-D299-4C94-B8AE-9F86A7C173CC}.Debug|Any CPU.Build.0 = Debug|Any CPU
		{19F426C4-D299-4C94-B8AE-9F86A7C173CC}.Release|Any CPU.ActiveCfg = Release|Any CPU
		{19F426C4-D299-4C94-B8AE-9F86A7C173CC}.Release|Any CPU.Build.0 = Release|Any CPU
	EndGlobalSection
	GlobalSection(SolutionProperties) = preSolution
		HideSolutionNode = FALSE
	EndGlobalSection
EndGlobal
