
Microsoft Visual Studio Solution File, Format Version 12.00
# Visual Studio Version 17
VisualStudioVersion = 17.12.35707.178 d17.12
MinimumVisualStudioVersion = 10.0.40219.1
Project("{FAE04EC0-301F-11D3-BF4B-00C04F79EFBC}") = "Performance", "Performance.csproj", "{17F0C070-ED9B-4D0D-9E59-FD1DDE3602E9}"
EndProject
Project("{FAE04EC0-301F-11D3-BF4B-00C04F79EFBC}") = "PerformanceTest", "..\PerformanceTest\PerformanceTest.csproj", "{DA0963B6-A07D-4020-A96C-F82432D5CC89}"
EndProject
Global
	GlobalSection(SolutionConfigurationPlatforms) = preSolution
		Debug|Any CPU = Debug|Any CPU
		Release|Any CPU = Release|Any CPU
	EndGlobalSection
	GlobalSection(ProjectConfigurationPlatforms) = postSolution
		{17F0C070-ED9B-4D0D-9E59-FD1DDE3602E9}.Debug|Any CPU.ActiveCfg = Debug|Any CPU
		{17F0C070-ED9B-4D0D-9E59-FD1DDE3602E9}.Debug|Any CPU.Build.0 = Debug|Any CPU
		{17F0C070-ED9B-4D0D-9E59-FD1DDE3602E9}.Release|Any CPU.ActiveCfg = Release|Any CPU
		{17F0C070-ED9B-4D0D-9E59-FD1DDE3602E9}.Release|Any CPU.Build.0 = Release|Any CPU
		{DA0963B6-A07D-4020-A96C-F82432D5CC89}.Debug|Any CPU.ActiveCfg = Debug|Any CPU
		{DA0963B6-A07D-4020-A96C-F82432D5CC89}.Debug|Any CPU.Build.0 = Debug|Any CPU
		{DA0963B6-A07D-4020-A96C-F82432D5CC89}.Release|Any CPU.ActiveCfg = Release|Any CPU
		{DA0963B6-A07D-4020-A96C-F82432D5CC89}.Release|Any CPU.Build.0 = Release|Any CPU
	EndGlobalSection
	GlobalSection(SolutionProperties) = preSolution
		HideSolutionNode = FALSE
	EndGlobalSection
EndGlobal
